
Microsoft Visual Studio Solution File, Format Version 12.00
# Visual Studio Version 17
VisualStudioVersion = 17.6.33723.286
MinimumVisualStudioVersion = 10.0.40219.1
Project("{FAE04EC0-301F-11D3-BF4B-00C04F79EFBC}") = "Demo_Docker", "Demo_Docker.csproj", "{20B66424-5A08-4F6E-B8C9-72A458074433}"
EndProject
Global
	GlobalSection(SolutionConfigurationPlatforms) = preSolution
		Debug|Any CPU = Debug|Any CPU
		Release|Any CPU = Release|Any CPU
	EndGlobalSection
	GlobalSection(ProjectConfigurationPlatforms) = postSolution
		{20B66424-5A08-4F6E-B8C9-72A458074433}.Debug|Any CPU.ActiveCfg = Debug|Any CPU
		{20B66424-5A08-4F6E-B8C9-72A458074433}.Debug|Any CPU.Build.0 = Debug|Any CPU
		{20B66424-5A08-4F6E-B8C9-72A458074433}.Release|Any CPU.ActiveCfg = Release|Any CPU
		{20B66424-5A08-4F6E-B8C9-72A458074433}.Release|Any CPU.Build.0 = Release|Any CPU
	EndGlobalSection
	GlobalSection(SolutionProperties) = preSolution
		HideSolutionNode = FALSE
	EndGlobalSection
	GlobalSection(ExtensibilityGlobals) = postSolution
		SolutionGuid = {2D7B0D97-5DFF-45BD-909E-8CD55027C905}
	EndGlobalSection
EndGlobal
